
Microsoft Visual Studio Solution File, Format Version 12.00
# Visual Studio 15
VisualStudioVersion = 15.0.26730.3
MinimumVisualStudioVersion = 10.0.40219.1
Project("{FAE04EC0-301F-11D3-BF4B-00C04F79EFBC}") = "CrossMvvmFristApp.Android", "CrossMvvmFristApp\CrossMvvmFristApp.Android\CrossMvvmFristApp.Android.csproj", "{69DCABAF-6A8C-4CE9-842D-651CF1BABA68}"
EndProject
Project("{FAE04EC0-301F-11D3-BF4B-00C04F79EFBC}") = "CrossMvvmFristApp", "CrossMvvmFristApp\CrossMvvmFristApp\CrossMvvmFristApp.csproj", "{BC837D24-0A59-4AB1-91E3-1EA2EEF03FF1}"
EndProject
Project("{FAE04EC0-301F-11D3-BF4B-00C04F79EFBC}") = "CrossMvvmFristApp.iOS", "CrossMvvmFristApp\CrossMvvmFristApp.iOS\CrossMvvmFristApp.iOS.csproj", "{49E7A7D8-9FB3-4100-B1B7-FD65B48C0680}"
EndProject
Global
	GlobalSection(SolutionConfigurationPlatforms) = preSolution
		Ad-Hoc|Any CPU = Ad-Hoc|Any CPU
		Ad-Hoc|iPhone = Ad-Hoc|iPhone
		Ad-Hoc|iPhoneSimulator = Ad-Hoc|iPhoneSimulator
		AppStore|Any CPU = AppStore|Any CPU
		AppStore|iPhone = AppStore|iPhone
		AppStore|iPhoneSimulator = AppStore|iPhoneSimulator
		Debug|Any CPU = Debug|Any CPU
		Debug|iPhone = Debug|iPhone
		Debug|iPhoneSimulator = Debug|iPhoneSimulator
		Release|Any CPU = Release|Any CPU
		Release|iPhone = Release|iPhone
		Release|iPhoneSimulator = Release|iPhoneSimulator
	EndGlobalSection
	GlobalSection(ProjectConfigurationPlatforms) = postSolution
		{69DCABAF-6A8C-4CE9-842D-651CF1BABA68}.Ad-Hoc|Any CPU.ActiveCfg = Release|Any CPU
		{69DCABAF-6A8C-4CE9-842D-651CF1BABA68}.Ad-Hoc|Any CPU.Build.0 = Release|Any CPU
		{69DCABAF-6A8C-4CE9-842D-651CF1BABA68}.Ad-Hoc|Any CPU.Deploy.0 = Release|Any CPU
		{69DCABAF-6A8C-4CE9-842D-651CF1BABA68}.Ad-Hoc|iPhone.ActiveCfg = Release|Any CPU
		{69DCABAF-6A8C-4CE9-842D-651CF1BABA68}.Ad-Hoc|iPhone.Build.0 = Release|Any CPU
		{69DCABAF-6A8C-4CE9-842D-651CF1BABA68}.Ad-Hoc|iPhone.Deploy.0 = Release|Any CPU
		{69DCABAF-6A8C-4CE9-842D-651CF1BABA68}.Ad-Hoc|iPhoneSimulator.ActiveCfg = Release|Any CPU
		{69DCABAF-6A8C-4CE9-842D-651CF1BABA68}.Ad-Hoc|iPhoneSimulator.Build.0 = Release|Any CPU
		{69DCABAF-6A8C-4CE9-842D-651CF1BABA68}.Ad-Hoc|iPhoneSimulator.Deploy.0 = Release|Any CPU
		{69DCABAF-6A8C-4CE9-842D-651CF1BABA68}.AppStore|Any CPU.ActiveCfg = Release|Any CPU
		{69DCABAF-6A8C-4CE9-842D-651CF1BABA68}.AppStore|Any CPU.Build.0 = Release|Any CPU
		{69DCABAF-6A8C-4CE9-842D-651CF1BABA68}.AppStore|Any CPU.Deploy.0 = Release|Any CPU
		{69DCABAF-6A8C-4CE9-842D-651CF1BABA68}.AppStore|iPhone.ActiveCfg = Release|Any CPU
		{69DCABAF-6A8C-4CE9-842D-651CF1BABA68}.AppStore|iPhone.Build.0 = Release|Any CPU
		{69DCABAF-6A8C-4CE9-842D-651CF1BABA68}.AppStore|iPhone.Deploy.0 = Release|Any CPU
		{69DCABAF-6A8C-4CE9-842D-651CF1BABA68}.AppStore|iPhoneSimulator.ActiveCfg = Release|Any CPU
		{69DCABAF-6A8C-4CE9-842D-651CF1BABA68}.AppStore|iPhoneSimulator.Build.0 = Release|Any CPU
		{69DCABAF-6A8C-4CE9-842D-651CF1BABA68}.AppStore|iPhoneSimulator.Deploy.0 = Release|Any CPU
		{69DCABAF-6A8C-4CE9-842D-651CF1BABA68}.Debug|Any CPU.ActiveCfg = Debug|Any CPU
		{69DCABAF-6A8C-4CE9-842D-651CF1BABA68}.Debug|Any CPU.Build.0 = Debug|Any CPU
		{69DCABAF-6A8C-4CE9-842D-651CF1BABA68}.Debug|Any CPU.Deploy.0 = Debug|Any CPU
		{69DCABAF-6A8C-4CE9-842D-651CF1BABA68}.Debug|iPhone.ActiveCfg = Debug|Any CPU
		{69DCABAF-6A8C-4CE9-842D-651CF1BABA68}.Debug|iPhone.Build.0 = Debug|Any CPU
		{69DCABAF-6A8C-4CE9-842D-651CF1BABA68}.Debug|iPhone.Deploy.0 = Debug|Any CPU
		{69DCABAF-6A8C-4CE9-842D-651CF1BABA68}.Debug|iPhoneSimulator.ActiveCfg = Debug|Any CPU
		{69DCABAF-6A8C-4CE9-842D-651CF1BABA68}.Debug|iPhoneSimulator.Build.0 = Debug|Any CPU
		{69DCABAF-6A8C-4CE9-842D-651CF1BABA68}.Debug|iPhoneSimulator.Deploy.0 = Debug|Any CPU
		{69DCABAF-6A8C-4CE9-842D-651CF1BABA68}.Release|Any CPU.ActiveCfg = Release|Any CPU
		{69DCABAF-6A8C-4CE9-842D-651CF1BABA68}.Release|Any CPU.Build.0 = Release|Any CPU
		{69DCABAF-6A8C-4CE9-842D-651CF1BABA68}.Release|Any CPU.Deploy.0 = Release|Any CPU
		{69DCABAF-6A8C-4CE9-842D-651CF1BABA68}.Release|iPhone.ActiveCfg = Release|Any CPU
		{69DCABAF-6A8C-4CE9-842D-651CF1BABA68}.Release|iPhone.Build.0 = Release|Any CPU
		{69DCABAF-6A8C-4CE9-842D-651CF1BABA68}.Release|iPhone.Deploy.0 = Release|Any CPU
		{69DCABAF-6A8C-4CE9-842D-651CF1BABA68}.Release|iPhoneSimulator.ActiveCfg = Release|Any CPU
		{69DCABAF-6A8C-4CE9-842D-651CF1BABA68}.Release|iPhoneSimulator.Build.0 = Release|Any CPU
		{69DCABAF-6A8C-4CE9-842D-651CF1BABA68}.Release|iPhoneSimulator.Deploy.0 = Release|Any CPU
		{BC837D24-0A59-4AB1-91E3-1EA2EEF03FF1}.Ad-Hoc|Any CPU.ActiveCfg = Release|Any CPU
		{BC837D24-0A59-4AB1-91E3-1EA2EEF03FF1}.Ad-Hoc|Any CPU.Build.0 = Release|Any CPU
		{BC837D24-0A59-4AB1-91E3-1EA2EEF03FF1}.Ad-Hoc|iPhone.ActiveCfg = Release|Any CPU
		{BC837D24-0A59-4AB1-91E3-1EA2EEF03FF1}.Ad-Hoc|iPhone.Build.0 = Release|Any CPU
		{BC837D24-0A59-4AB1-91E3-1EA2EEF03FF1}.Ad-Hoc|iPhoneSimulator.ActiveCfg = Release|Any CPU
		{BC837D24-0A59-4AB1-91E3-1EA2EEF03FF1}.Ad-Hoc|iPhoneSimulator.Build.0 = Release|Any CPU
		{BC837D24-0A59-4AB1-91E3-1EA2EEF03FF1}.AppStore|Any CPU.ActiveCfg = Release|Any CPU
		{BC837D24-0A59-4AB1-91E3-1EA2EEF03FF1}.AppStore|Any CPU.Build.0 = Release|Any CPU
		{BC837D24-0A59-4AB1-91E3-1EA2EEF03FF1}.AppStore|iPhone.ActiveCfg = Release|Any CPU
		{BC837D24-0A59-4AB1-91E3-1EA2EEF03FF1}.AppStore|iPhone.Build.0 = Release|Any CPU
		{BC837D24-0A59-4AB1-91E3-1EA2EEF03FF1}.AppStore|iPhoneSimulator.ActiveCfg = Release|Any CPU
		{BC837D24-0A59-4AB1-91E3-1EA2EEF03FF1}.AppStore|iPhoneSimulator.Build.0 = Release|Any CPU
		{BC837D24-0A59-4AB1-91E3-1EA2EEF03FF1}.Debug|Any CPU.ActiveCfg = Debug|Any CPU
		{BC837D24-0A59-4AB1-91E3-1EA2EEF03FF1}.Debug|Any CPU.Build.0 = Debug|Any CPU
		{BC837D24-0A59-4AB1-91E3-1EA2EEF03FF1}.Debug|iPhone.ActiveCfg = Debug|Any CPU
		{BC837D24-0A59-4AB1-91E3-1EA2EEF03FF1}.Debug|iPhone.Build.0 = Debug|Any CPU
		{BC837D24-0A59-4AB1-91E3-1EA2EEF03FF1}.Debug|iPhoneSimulator.ActiveCfg = Debug|Any CPU
		{BC837D24-0A59-4AB1-91E3-1EA2EEF03FF1}.Debug|iPhoneSimulator.Build.0 = Debug|Any CPU
		{BC837D24-0A59-4AB1-91E3-1EA2EEF03FF1}.Release|Any CPU.ActiveCfg = Release|Any CPU
		{BC837D24-0A59-4AB1-91E3-1EA2EEF03FF1}.Release|Any CPU.Build.0 = Release|Any CPU
		{BC837D24-0A59-4AB1-91E3-1EA2EEF03FF1}.Release|iPhone.ActiveCfg = Release|Any CPU
		{BC837D24-0A59-4AB1-91E3-1EA2EEF03FF1}.Release|iPhone.Build.0 = Release|Any CPU
		{BC837D24-0A59-4AB1-91E3-1EA2EEF03FF1}.Release|iPhoneSimulator.ActiveCfg = Release|Any CPU
		{BC837D24-0A59-4AB1-91E3-1EA2EEF03FF1}.Release|iPhoneSimulator.Build.0 = Release|Any CPU
		{49E7A7D8-9FB3-4100-B1B7-FD65B48C0680}.Ad-Hoc|Any CPU.ActiveCfg = Ad-Hoc|iPhone
		{49E7A7D8-9FB3-4100-B1B7-FD65B48C0680}.Ad-Hoc|iPhone.ActiveCfg = Ad-Hoc|iPhone
		{49E7A7D8-9FB3-4100-B1B7-FD65B48C0680}.Ad-Hoc|iPhone.Build.0 = Ad-Hoc|iPhone
		{49E7A7D8-9FB3-4100-B1B7-FD65B48C0680}.Ad-Hoc|iPhoneSimulator.ActiveCfg = Ad-Hoc|iPhoneSimulator
		{49E7A7D8-9FB3-4100-B1B7-FD65B48C0680}.Ad-Hoc|iPhoneSimulator.Build.0 = Ad-Hoc|iPhoneSimulator
		{49E7A7D8-9FB3-4100-B1B7-FD65B48C0680}.AppStore|Any CPU.ActiveCfg = AppStore|iPhone
		{49E7A7D8-9FB3-4100-B1B7-FD65B48C0680}.AppStore|iPhone.ActiveCfg = AppStore|iPhone
		{49E7A7D8-9FB3-4100-B1B7-FD65B48C0680}.AppStore|iPhone.Build.0 = AppStore|iPhone
		{49E7A7D8-9FB3-4100-B1B7-FD65B48C0680}.AppStore|iPhoneSimulator.ActiveCfg = AppStore|iPhoneSimulator
		{49E7A7D8-9FB3-4100-B1B7-FD65B48C0680}.AppStore|iPhoneSimulator.Build.0 = AppStore|iPhoneSimulator
		{49E7A7D8-9FB3-4100-B1B7-FD65B48C0680}.Debug|Any CPU.ActiveCfg = Debug|iPhone
		{49E7A7D8-9FB3-4100-B1B7-FD65B48C0680}.Debug|iPhone.ActiveCfg = Debug|iPhone
		{49E7A7D8-9FB3-4100-B1B7-FD65B48C0680}.Debug|iPhone.Build.0 = Debug|iPhone
		{49E7A7D8-9FB3-4100-B1B7-FD65B48C0680}.Debug|iPhoneSimulator.ActiveCfg = Debug|iPhoneSimulator
		{49E7A7D8-9FB3-4100-B1B7-FD65B48C0680}.Debug|iPhoneSimulator.Build.0 = Debug|iPhoneSimulator
		{49E7A7D8-9FB3-4100-B1B7-FD65B48C0680}.Release|Any CPU.ActiveCfg = Release|iPhone
		{49E7A7D8-9FB3-4100-B1B7-FD65B48C0680}.Release|iPhone.ActiveCfg = Release|iPhone
		{49E7A7D8-9FB3-4100-B1B7-FD65B48C0680}.Release|iPhone.Build.0 = Release|iPhone
		{49E7A7D8-9FB3-4100-B1B7-FD65B48C0680}.Release|iPhoneSimulator.ActiveCfg = Release|iPhoneSimulator
		{49E7A7D8-9FB3-4100-B1B7-FD65B48C0680}.Release|iPhoneSimulator.Build.0 = Release|iPhoneSimulator
	EndGlobalSection
	GlobalSection(SolutionProperties) = preSolution
		HideSolutionNode = FALSE
	EndGlobalSection
	GlobalSection(ExtensibilityGlobals) = postSolution
		SolutionGuid = {61B9AB57-0696-49BA-9254-24AE64289999}
	EndGlobalSection
EndGlobal
